# Tools at upstream's exact versions that nixpkgs never shipped; helpers/pinned-tool.sh
# fetches them. Digests: the release assets' GitHub digests; pgvector (PGDG, the Debian
# release of upstream's postgres image) as downloaded when pinned. `bin`: the directory in
# the archive that goes on PATH.
#
# name           version  platform        sha256                                                            url                                                                                                                            bin
jellyfin-ffmpeg  7.1.3-6  x86_64-linux    39e99a7927468a6abec5f65d00f55010e8ff2ae3c2605294f179c94f6ae21af2  https://github.com/jellyfin/jellyfin-ffmpeg/releases/download/v7.1.3-6/jellyfin-ffmpeg_7.1.3-6_portable_linux64-gpl.tar.xz     .
jellyfin-ffmpeg  7.1.3-6  aarch64-linux   bea03c670e8cc5bfe9edc0c5d624d4735421610cef5e808db93e7d8596952886  https://github.com/jellyfin/jellyfin-ffmpeg/releases/download/v7.1.3-6/jellyfin-ffmpeg_7.1.3-6_portable_linuxarm64-gpl.tar.xz  .
jellyfin-ffmpeg  7.1.3-6  x86_64-darwin   066ede9774aaae97a18098aaeea8b7e0d286653eb8618f640476e99c59a536c2  https://github.com/jellyfin/jellyfin-ffmpeg/releases/download/v7.1.3-6/jellyfin-ffmpeg_7.1.3-6_portable_mac64-gpl.tar.xz       .
jellyfin-ffmpeg  7.1.3-6  aarch64-darwin  e024d5e78d5414e75f0181036cd21373fafb9270c72894dfd7dbda2572439820  https://github.com/jellyfin/jellyfin-ffmpeg/releases/download/v7.1.3-6/jellyfin-ffmpeg_7.1.3-6_portable_macarm64-gpl.tar.xz    .
vchord           0.4.3    x86_64-linux    a3ad61c47605c29fcb594e51b3068430adefe10841cf844ee6d8c587a7f75ca2  https://github.com/tensorchord/VectorChord/releases/download/0.4.3/postgresql-14-vchord_0.4.3_x86_64-linux-gnu.zip             .
vchord           0.4.3    aarch64-linux   c1fe737f666d20c75b1cffb265b43535b797b24bdf21925275642e892d392764  https://github.com/tensorchord/VectorChord/releases/download/0.4.3/postgresql-14-vchord_0.4.3_aarch64-linux-gnu.zip            .
uv               0.8.15   x86_64-linux    be9878e9d08ebcb621a683aba52e7fb8bbf92b2532e0d759026ffcc067673042  https://github.com/astral-sh/uv/releases/download/0.8.15/uv-x86_64-unknown-linux-gnu.tar.gz                                    uv-x86_64-unknown-linux-gnu
uv               0.8.15   aarch64-linux   6ede0fefa7db7be3d5d9eda8784a8e43b1cf5410720eb3da60ab1d2f66678e82  https://github.com/astral-sh/uv/releases/download/0.8.15/uv-aarch64-unknown-linux-gnu.tar.gz                                   uv-aarch64-unknown-linux-gnu
uv               0.8.15   x86_64-darwin   2bbef70982e97dfc36454de173f35ec1a5e83ae11e3885df6a50db3fd76171cb  https://github.com/astral-sh/uv/releases/download/0.8.15/uv-x86_64-apple-darwin.tar.gz                                         uv-x86_64-apple-darwin
uv               0.8.15   aarch64-darwin  103367962c5cb00bf7370d84cbaa3fec5a9807be9cc833ea9d8eea400c119fa2  https://github.com/astral-sh/uv/releases/download/0.8.15/uv-aarch64-apple-darwin.tar.gz                                        uv-aarch64-apple-darwin
pgvector         0.8.1    x86_64-linux    918c3ba72f83d778aa6cc01f1f4235271ea18abd397395d59f35d47f21770d6d  https://apt-archive.postgresql.org/pub/repos/apt/pool/main/p/pgvector/postgresql-14-pgvector_0.8.1-1.pgdg12%2B1_amd64.deb      .
pgvector         0.8.1    aarch64-linux   61505921f94a75aa6ef5042770c46856c962135479babfa6e36dad7bb7f48668  https://apt-archive.postgresql.org/pub/repos/apt/pool/main/p/pgvector/postgresql-14-pgvector_0.8.1-1.pgdg12%2B1_arm64.deb      .
extism-js        1.7.0    x86_64-linux    63b72da2f5e88655522dc21477de549f238a2f40546a69ce4e0fce7e78654035  https://github.com/extism/js-pdk/releases/download/v1.7.0/extism-js-x86_64-linux-v1.7.0.gz                                     .
extism-js        1.7.0    aarch64-linux   025f4050b199d68413c159bde1187271ae270021a9f7171e7beb509922821f2a  https://github.com/extism/js-pdk/releases/download/v1.7.0/extism-js-aarch64-linux-v1.7.0.gz                                    .
extism-js        1.7.0    x86_64-darwin   cce4a756eceb34b5aaac5ea864607d6c8b0610535e2c1b0c05a96bdbda69c7bb  https://github.com/extism/js-pdk/releases/download/v1.7.0/extism-js-x86_64-macos-v1.7.0.gz                                     .
extism-js        1.7.0    aarch64-darwin  12c01c2bb2240a6a05a4f8babe680c793c397d84e6a1497a7ca1312e78a475c3  https://github.com/extism/js-pdk/releases/download/v1.7.0/extism-js-aarch64-macos-v1.7.0.gz                                    .
binaryen         version_124 x86_64-linux    0290c3779fedf592b8da0ded3032ff55c41a2b7bfa2d6bf7b7bac6f0e6e28963  https://github.com/WebAssembly/binaryen/releases/download/version_124/binaryen-version_124-x86_64-linux.tar.gz                 binaryen-version_124/bin
binaryen         version_124 aarch64-linux   6291bd9a57d8e046f3bc099a4db386c147433a87f71c783a901c5b1792e38de3  https://github.com/WebAssembly/binaryen/releases/download/version_124/binaryen-version_124-aarch64-linux.tar.gz                binaryen-version_124/bin
binaryen         version_124 x86_64-darwin   b389bb0731758d86c3cb266d01d28a12725c23bd3cabc3df34faa162af0887e9  https://github.com/WebAssembly/binaryen/releases/download/version_124/binaryen-version_124-x86_64-macos.tar.gz                 binaryen-version_124/bin
binaryen         version_124 aarch64-darwin  86a2c960ff62c6d2ea6009d1f89745c22c70100d394a095eab45eb941bdaa24c  https://github.com/WebAssembly/binaryen/releases/download/version_124/binaryen-version_124-arm64-macos.tar.gz                  binaryen-version_124/bin
